{
  "name": "uıproject",
  "lockfileVersion": 3,
  "requires": true,
  "packages": {
    "": {
      "dependencies": {
        "bootstrap-icons": "^1.11.4"
      }
    },
    "node_modules/bootstrap-icons": {
      "version": "1.11.4",
      "resolved": "https://registry.npmjs.org/bootstrap-icons/-/bootstrap-icons-1.11.4.tgz",
      "integrity": "sha512-P/3I5KsoS8tDvpBLolRBZnRkkKysUXM8Rm00nnazHY+eZ/o/smJZEDPbKI+d+XZLWdiaYDBB+ikUiCl7BogyKg==",
      "funding": [
        {
          "type": "github",
          "url": "https://github.com/sponsors/twbs"
        },
        {
          "type": "opencollective",
          "url": "https://opencollective.com/bootstrap"
        }
      ]
    }
  }
}
